// !$*UTF8*$!
{
	archiveVersion = 1;
	classes = {
	};
	objectVersion = 55;
	objects = {

/* Begin PBXBuildFile section */
		F5FA02642782D8010095AB19 /* iMenuApp.swift in Sources */ = {isa = PBXBuildFile; fileRef = F5FA02632782D8010095AB19 /* iMenuApp.swift */; };
		F5FA02662782D8010095AB19 /* ContentView.swift in Sources */ = {isa = PBXBuildFile; fileRef = F5FA02652782D8010095AB19 /* ContentView.swift */; };
		F5FA02682782D8020095AB19 /* Assets.xcassets in Resources */ = {isa = PBXBuildFile; fileRef = F5FA02672782D8020095AB19 /* Assets.xcassets */; };
		F5FA026B2782D8020095AB19 /* Preview Assets.xcassets in Resources */ = {isa = PBXBuildFile; fileRef = F5FA026A2782D8020095AB19 /* Preview Assets.xcassets */; };
		F5FA02722782D81B0095AB19 /* Helper.swift in Sources */ = {isa = PBXBuildFile; fileRef = F5FA02712782D81B0095AB19 /* Helper.swift */; };
		F5FA02752782D84E0095AB19 /* Order.swift in Sources */ = {isa = PBXBuildFile; fileRef = F5FA02732782D84D0095AB19 /* Order.swift */; };
		F5FA02762782D84E0095AB19 /* Menu.swift in Sources */ = {isa = PBXBuildFile; fileRef = F5FA02742782D84E0095AB19 /* Menu.swift */; };
		F5FA02782782D8790095AB19 /* menu.json in Resources */ = {isa = PBXBuildFile; fileRef = F5FA02772782D8780095AB19 /* menu.json */; };
		F5FA027A2782DD260095AB19 /* ItemRow.swift in Sources */ = {isa = PBXBuildFile; fileRef = F5FA02792782DD260095AB19 /* ItemRow.swift */; };
		F5FA027C2782E20F0095AB19 /* ItemDetail.swift in Sources */ = {isa = PBXBuildFile; fileRef = F5FA027B2782E20F0095AB19 /* ItemDetail.swift */; };
		F5FA027E2782F7070095AB19 /* OrderView.swift in Sources */ = {isa = PBXBuildFile; fileRef = F5FA027D2782F7070095AB19 /* OrderView.swift */; };
		F5FA02802782F8690095AB19 /* MainView.swift in Sources */ = {isa = PBXBuildFile; fileRef = F5FA027F2782F8690095AB19 /* MainView.swift */; };
		F5FA02842783086E0095AB19 /* CheckOutView.swift in Sources */ = {isa = PBXBuildFile; fileRef = F5FA02832783086E0095AB19 /* CheckOutView.swift */; };
/* End PBXBuildFile section */

/* Begin PBXFileReference section */
		F5FA02602782D8010095AB19 /* iMenu.app */ = {isa = PBXFileReference; explicitFileType = wrapper.application; includeInIndex = 0; path = iMenu.app; sourceTree = BUILT_PRODUCTS_DIR; };
		F5FA02632782D8010095AB19 /* iMenuApp.swift */ = {isa = PBXFileReference; lastKnownFileType = sourcecode.swift; path = iMenuApp.swift; sourceTree = "<group>"; };
		F5FA02652782D8010095AB19 /* ContentView.swift */ = {isa = PBXFileReference; lastKnownFileType = sourcecode.swift; path = ContentView.swift; sourceTree = "<group>"; };
		F5FA02672782D8020095AB19 /* Assets.xcassets */ = {isa = PBXFileReference; lastKnownFileType = folder.assetcatalog; path = Assets.xcassets; sourceTree = "<group>"; };
		F5FA026A2782D8020095AB19 /* Preview Assets.xcassets */ = {isa = PBXFileReference; lastKnownFileType = folder.assetcatalog; path = "Preview Assets.xcassets"; sourceTree = "<group>"; };
		F5FA02712782D81B0095AB19 /* Helper.swift */ = {isa = PBXFileReference; fileEncoding = 4; lastKnownFileType = sourcecode.swift; path = Helper.swift; sourceTree = "<group>"; };
		F5FA02732782D84D0095AB19 /* Order.swift */ = {isa = PBXFileReference; fileEncoding = 4; lastKnownFileType = sourcecode.swift; path = Order.swift; sourceTree = "<group>"; };
		F5FA02742782D84E0095AB19 /* Menu.swift */ = {isa = PBXFileReference; fileEncoding = 4; lastKnownFileType = sourcecode.swift; path = Menu.swift; sourceTree = "<group>"; };
		F5FA02772782D8780095AB19 /* menu.json */ = {isa = PBXFileReference; fileEncoding = 4; lastKnownFileType = text.json; path = menu.json; sourceTree = "<group>"; };
		F5FA02792782DD260095AB19 /* ItemRow.swift */ = {isa = PBXFileReference; lastKnownFileType = sourcecode.swift; path = ItemRow.swift; sourceTree = "<group>"; };
		F5FA027B2782E20F0095AB19 /* ItemDetail.swift */ = {isa = PBXFileReference; lastKnownFileType = sourcecode.swift; path = ItemDetail.swift; sourceTree = "<group>"; };
		F5FA027D2782F7070095AB19 /* OrderView.swift */ = {isa = PBXFileReference; lastKnownFileType = sourcecode.swift; path = OrderView.swift; sourceTree = "<group>"; };
		F5FA027F2782F8690095AB19 /* MainView.swift */ = {isa = PBXFileReference; lastKnownFileType = sourcecode.swift; path = MainView.swift; sourceTree = "<group>"; };
		F5FA02832783086E0095AB19 /* CheckOutView.swift */ = {isa = PBXFileReference; lastKnownFileType = sourcecode.swift; path = CheckOutView.swift; sourceTree = "<group>"; };
/* End PBXFileReference section */

/* Begin PBXFrameworksBuildPhase section */
		F5FA025D2782D8010095AB19 /* Frameworks */ = {
			isa = PBXFrameworksBuildPhase;
			buildActionMask = 2147483647;
			files = (
			);
			runOnlyForDeploymentPostprocessing = 0;
		};
/* End PBXFrameworksBuildPhase section */

/* Begin PBXGroup section */
		F5FA02572782D8010095AB19 = {
			isa = PBXGroup;
			children = (
				F5FA02622782D8010095AB19 /* iMenu */,
				F5FA02612782D8010095AB19 /* Products */,
			);
			sourceTree = "<group>";
		};
		F5FA02612782D8010095AB19 /* Products */ = {
			isa = PBXGroup;
			children = (
				F5FA02602782D8010095AB19 /* iMenu.app */,
			);
			name = Products;
			sourceTree = "<group>";
		};
		F5FA02622782D8010095AB19 /* iMenu */ = {
			isa = PBXGroup;
			children = (
				F5FA02632782D8010095AB19 /* iMenuApp.swift */,
				F5FA02712782D81B0095AB19 /* Helper.swift */,
				F5FA02822783082B0095AB19 /* Model */,
				F5FA0281278308240095AB19 /* View */,
				F5FA02772782D8780095AB19 /* menu.json */,
				F5FA02672782D8020095AB19 /* Assets.xcassets */,
				F5FA02692782D8020095AB19 /* Preview Content */,
			);
			path = iMenu;
			sourceTree = "<group>";
		};
		F5FA02692782D8020095AB19 /* Preview Content */ = {
			isa = PBXGroup;
			children = (
				F5FA026A2782D8020095AB19 /* Preview Assets.xcassets */,
			);
			path = "Preview Content";
			sourceTree = "<group>";
		};
		F5FA0281278308240095AB19 /* View */ = {
			isa = PBXGroup;
			children = (
				F5FA02652782D8010095AB19 /* ContentView.swift */,
				F5FA027D2782F7070095AB19 /* OrderView.swift */,
				F5FA027B2782E20F0095AB19 /* ItemDetail.swift */,
				F5FA027F2782F8690095AB19 /* MainView.swift */,
				F5FA02792782DD260095AB19 /* ItemRow.swift */,
				F5FA02832783086E0095AB19 /* CheckOutView.swift */,
			);
			path = View;
			sourceTree = "<group>";
		};
		F5FA02822783082B0095AB19 /* Model */ = {
			isa = PBXGroup;
			children = (
				F5FA02732782D84D0095AB19 /* Order.swift */,
				F5FA02742782D84E0095AB19 /* Menu.swift */,
			);
			path = Model;
			sourceTree = "<group>";
		};
/* End PBXGroup section */

/* Begin PBXNativeTarget section */
		F5FA025F2782D8010095AB19 /* iMenu */ = {
			isa = PBXNativeTarget;
			buildConfigurationList = F5FA026E2782D8020095AB19 /* Build configuration list for PBXNativeTarget "iMenu" */;
			buildPhases = (
				F5FA025C2782D8010095AB19 /* Sources */,
				F5FA025D2782D8010095AB19 /* Frameworks */,
				F5FA025E2782D8010095AB19 /* Resources */,
			);
			buildRules = (
			);
			dependencies = (
			);
			name = iMenu;
			productName = iMenu;
			productReference = F5FA02602782D8010095AB19 /* iMenu.app */;
			productType = "com.apple.product-type.application";
		};
/* End PBXNativeTarget section */

/* Begin PBXProject section */
		F5FA02582782D8010095AB19 /* Project object */ = {
			isa = PBXProject;
			attributes = {
				BuildIndependentTargetsInParallel = 1;
				LastSwiftUpdateCheck = 1320;
				LastUpgradeCheck = 1320;
				TargetAttributes = {
					F5FA025F2782D8010095AB19 = {
						CreatedOnToolsVersion = 13.2.1;
					};
				};
			};
			buildConfigurationList = F5FA025B2782D8010095AB19 /* Build configuration list for PBXProject "iMenu" */;
			compatibilityVersion = "Xcode 13.0";
			developmentRegion = en;
			hasScannedForEncodings = 0;
			knownRegions = (
				en,
				Base,
			);
			mainGroup = F5FA02572782D8010095AB19;
			productRefGroup = F5FA02612782D8010095AB19 /* Products */;
			projectDirPath = "";
			projectRoot = "";
			targets = (
				F5FA025F2782D8010095AB19 /* iMenu */,
			);
		};
/* End PBXProject section */

/* Begin PBXResourcesBuildPhase section */
		F5FA025E2782D8010095AB19 /* Resources */ = {
			isa = PBXResourcesBuildPhase;
			buildActionMask = 2147483647;
			files = (
				F5FA02782782D8790095AB19 /* menu.json in Resources */,
				F5FA026B2782D8020095AB19 /* Preview Assets.xcassets in Resources */,
				F5FA02682782D8020095AB19 /* Assets.xcassets in Resources */,
			);
			runOnlyForDeploymentPostprocessing = 0;
		};
/* End PBXResourcesBuildPhase section */

/* Begin PBXSourcesBuildPhase section */
		F5FA025C2782D8010095AB19 /* Sources */ = {
			isa = PBXSourcesBuildPhase;
			buildActionMask = 2147483647;
			files = (
				F5FA02662782D8010095AB19 /* ContentView.swift in Sources */,
				F5FA02802782F8690095AB19 /* MainView.swift in Sources */,
				F5FA027E2782F7070095AB19 /* OrderView.swift in Sources */,
				F5FA02642782D8010095AB19 /* iMenuApp.swift in Sources */,
				F5FA02752782D84E0095AB19 /* Order.swift in Sources */,
				F5FA027A2782DD260095AB19 /* ItemRow.swift in Sources */,
				F5FA02842783086E0095AB19 /* CheckOutView.swift in Sources */,
				F5FA027C2782E20F0095AB19 /* ItemDetail.swift in Sources */,
				F5FA02722782D81B0095AB19 /* Helper.swift in Sources */,
				F5FA02762782D84E0095AB19 /* Menu.swift in Sources */,
			);
			runOnlyForDeploymentPostprocessing = 0;
		};
/* End PBXSourcesBuildPhase section */

/* Begin XCBuildConfiguration section */
		F5FA026C2782D8020095AB19 /* Debug */ = {
			isa = XCBuildConfiguration;
			buildSettings = {
				ALWAYS_SEARCH_USER_PATHS = NO;
				CLANG_ANALYZER_NONNULL = YES;
				CLANG_ANALYZER_NUMBER_OBJECT_CONVERSION = YES_AGGRESSIVE;
				CLANG_CXX_LANGUAGE_STANDARD = "gnu++17";
				CLANG_CXX_LIBRARY = "libc++";
				CLANG_ENABLE_MODULES = YES;
				CLANG_ENABLE_OBJC_ARC = YES;
				CLANG_ENABLE_OBJC_WEAK = YES;
				CLANG_WARN_BLOCK_CAPTURE_AUTORELEASING = YES;
				CLANG_WARN_BOOL_CONVERSION = YES;
				CLANG_WARN_COMMA = YES;
				CLANG_WARN_CONSTANT_CONVERSION = YES;
				CLANG_WARN_DEPRECATED_OBJC_IMPLEMENTATIONS = YES;
				CLANG_WARN_DIRECT_OBJC_ISA_USAGE = YES_ERROR;
				CLANG_WARN_DOCUMENTATION_COMMENTS = YES;
				CLANG_WARN_EMPTY_BODY = YES;
				CLANG_WARN_ENUM_CONVERSION = YES;
				CLANG_WARN_INFINITE_RECURSION = YES;
				CLANG_WARN_INT_CONVERSION = YES;
				CLANG_WARN_NON_LITERAL_NULL_CONVERSION = YES;
				CLANG_WARN_OBJC_IMPLICIT_RETAIN_SELF = YES;
				CLANG_WARN_OBJC_LITERAL_CONVERSION = YES;
				CLANG_WARN_OBJC_ROOT_CLASS = YES_ERROR;
				CLANG_WARN_QUOTED_INCLUDE_IN_FRAMEWORK_HEADER = YES;
				CLANG_WARN_RANGE_LOOP_ANALYSIS = YES;
				CLANG_WARN_STRICT_PROTOTYPES = YES;
				CLANG_WARN_SUSPICIOUS_MOVE = YES;
				CLANG_WARN_UNGUARDED_AVAILABILITY = YES_AGGRESSIVE;
				CLANG_WARN_UNREACHABLE_CODE = YES;
				CLANG_WARN__DUPLICATE_METHOD_MATCH = YES;
				COPY_PHASE_STRIP = NO;
				DEBUG_INFORMATION_FORMAT = dwarf;
				ENABLE_STRICT_OBJC_MSGSEND = YES;
				ENABLE_TESTABILITY = YES;
				GCC_C_LANGUAGE_STANDARD = gnu11;
				GCC_DYNAMIC_NO_PIC = NO;
				GCC_NO_COMMON_BLOCKS = YES;
				GCC_OPTIMIZATION_LEVEL = 0;
				GCC_PREPROCESSOR_DEFINITIONS = (
					"DEBUG=1",
					"$(inherited)",
				);
				GCC_WARN_64_TO_32_BIT_CONVERSION = YES;
				GCC_WARN_ABOUT_RETURN_TYPE = YES_ERROR;
				GCC_WARN_UNDECLARED_SELECTOR = YES;
				GCC_WARN_UNINITIALIZED_AUTOS = YES_AGGRESSIVE;
				GCC_WARN_UNUSED_FUNCTION = YES;
				GCC_WARN_UNUSED_VARIABLE = YES;
				IPHONEOS_DEPLOYMENT_TARGET = 15.2;
				MTL_ENABLE_DEBUG_INFO = INCLUDE_SOURCE;
				MTL_FAST_MATH = YES;
				ONLY_ACTIVE_ARCH = YES;
				SDKROOT = iphoneos;
				SWIFT_ACTIVE_COMPILATION_CONDITIONS = DEBUG;
				SWIFT_OPTIMIZATION_LEVEL = "-Onone";
			};
			name = Debug;
		};
		F5FA026D2782D8020095AB19 /* Release */ = {
			isa = XCBuildConfiguration;
			buildSettings = {
				ALWAYS_SEARCH_USER_PATHS = NO;
				CLANG_ANALYZER_NONNULL = YES;
				CLANG_ANALYZER_NUMBER_OBJECT_CONVERSION = YES_AGGRESSIVE;
				CLANG_CXX_LANGUAGE_STANDARD = "gnu++17";
				CLANG_CXX_LIBRARY = "libc++";
				CLANG_ENABLE_MODULES = YES;
				CLANG_ENABLE_OBJC_ARC = YES;
				CLANG_ENABLE_OBJC_WEAK = YES;
				CLANG_WARN_BLOCK_CAPTURE_AUTORELEASING = YES;
				CLANG_WARN_BOOL_CONVERSION = YES;
				CLANG_WARN_COMMA = YES;
				CLANG_WARN_CONSTANT_CONVERSION = YES;
				CLANG_WARN_DEPRECATED_OBJC_IMPLEMENTATIONS = YES;
				CLANG_WARN_DIRECT_OBJC_ISA_USAGE = YES_ERROR;
				CLANG_WARN_DOCUMENTATION_COMMENTS = YES;
				CLANG_WARN_EMPTY_BODY = YES;
				CLANG_WARN_ENUM_CONVERSION = YES;
				CLANG_WARN_INFINITE_RECURSION = YES;
				CLANG_WARN_INT_CONVERSION = YES;
				CLANG_WARN_NON_LITERAL_NULL_CONVERSION = YES;
				CLANG_WARN_OBJC_IMPLICIT_RETAIN_SELF = YES;
				CLANG_WARN_OBJC_LITERAL_CONVERSION = YES;
				CLANG_WARN_OBJC_ROOT_CLASS = YES_ERROR;
				CLANG_WARN_QUOTED_INCLUDE_IN_FRAMEWORK_HEADER = YES;
				CLANG_WARN_RANGE_LOOP_ANALYSIS = YES;
				CLANG_WARN_STRICT_PROTOTYPES = YES;
				CLANG_WARN_SUSPICIOUS_MOVE = YES;
				CLANG_WARN_UNGUARDED_AVAILABILITY = YES_AGGRESSIVE;
				CLANG_WARN_UNREACHABLE_CODE = YES;
				CLANG_WARN__DUPLICATE_METHOD_MATCH = YES;
				COPY_PHASE_STRIP = NO;
				DEBUG_INFORMATION_FORMAT = "dwarf-with-dsym";
				ENABLE_NS_ASSERTIONS = NO;
				ENABLE_STRICT_OBJC_MSGSEND = YES;
				GCC_C_LANGUAGE_STANDARD = gnu11;
				GCC_NO_COMMON_BLOCKS = YES;
				GCC_WARN_64_TO_32_BIT_CONVERSION = YES;
				GCC_WARN_ABOUT_RETURN_TYPE = YES_ERROR;
				GCC_WARN_UNDECLARED_SELECTOR = YES;
				GCC_WARN_UNINITIALIZED_AUTOS = YES_AGGRESSIVE;
				GCC_WARN_UNUSED_FUNCTION = YES;
				GCC_WARN_UNUSED_VARIABLE = YES;
				IPHONEOS_DEPLOYMENT_TARGET = 15.2;
				MTL_ENABLE_DEBUG_INFO = NO;
				MTL_FAST_MATH = YES;
				SDKROOT = iphoneos;
				SWIFT_COMPILATION_MODE = wholemodule;
				SWIFT_OPTIMIZATION_LEVEL = "-O";
				VALIDATE_PRODUCT = YES;
			};
			name = Release;
		};
		F5FA026F2782D8020095AB19 /* Debug */ = {
			isa = XCBuildConfiguration;
			buildSettings = {
				ASSETCATALOG_COMPILER_APPICON_NAME = AppIcon;
				ASSETCATALOG_COMPILER_GLOBAL_ACCENT_COLOR_NAME = AccentColor;
				CODE_SIGN_STYLE = Automatic;
				CURRENT_PROJECT_VERSION = 1;
				DEVELOPMENT_ASSET_PATHS = "\"iMenu/Preview Content\"";
				DEVELOPMENT_TEAM = 72B4ASD893;
				ENABLE_PREVIEWS = YES;
				GENERATE_INFOPLIST_FILE = YES;
				INFOPLIST_KEY_UIApplicationSceneManifest_Generation = YES;
				INFOPLIST_KEY_UIApplicationSupportsIndirectInputEvents = YES;
				INFOPLIST_KEY_UILaunchScreen_Generation = YES;
				INFOPLIST_KEY_UISupportedInterfaceOrientations_iPad = "UIInterfaceOrientationPortrait UIInterfaceOrientationPortraitUpsideDown UIInterfaceOrientationLandscapeLeft UIInterfaceOrientationLandscapeRight";
				INFOPLIST_KEY_UISupportedInterfaceOrientations_iPhone = "UIInterfaceOrientationPortrait UIInterfaceOrientationLandscapeLeft UIInterfaceOrientationLandscapeRight";
				LD_RUNPATH_SEARCH_PATHS = (
					"$(inherited)",
					"@executable_path/Frameworks",
				);
				MARKETING_VERSION = 1.0;
				PRODUCT_BUNDLE_IDENTIFIER = id.infiniteLearning.iMenu;
				PRODUCT_NAME = "$(TARGET_NAME)";
				SWIFT_EMIT_LOC_STRINGS = YES;
				SWIFT_VERSION = 5.0;
				TARGETED_DEVICE_FAMILY = "1,2";
			};
			name = Debug;
		};
		F5FA02702782D8020095AB19 /* Release */ = {
			isa = XCBuildConfiguration;
			buildSettings = {
				ASSETCATALOG_COMPILER_APPICON_NAME = AppIcon;
				ASSETCATALOG_COMPILER_GLOBAL_ACCENT_COLOR_NAME = AccentColor;
				CODE_SIGN_STYLE = Automatic;
				CURRENT_PROJECT_VERSION = 1;
				DEVELOPMENT_ASSET_PATHS = "\"iMenu/Preview Content\"";
				DEVELOPMENT_TEAM = 72B4ASD893;
				ENABLE_PREVIEWS = YES;
				GENERATE_INFOPLIST_FILE = YES;
				INFOPLIST_KEY_UIApplicationSceneManifest_Generation = YES;
				INFOPLIST_KEY_UIApplicationSupportsIndirectInputEvents = YES;
				INFOPLIST_KEY_UILaunchScreen_Generation = YES;
				INFOPLIST_KEY_UISupportedInterfaceOrientations_iPad = "UIInterfaceOrientationPortrait UIInterfaceOrientationPortraitUpsideDown UIInterfaceOrientationLandscapeLeft UIInterfaceOrientationLandscapeRight";
				INFOPLIST_KEY_UISupportedInterfaceOrientations_iPhone = "UIInterfaceOrientationPortrait UIInterfaceOrientationLandscapeLeft UIInterfaceOrientationLandscapeRight";
				LD_RUNPATH_SEARCH_PATHS = (
					"$(inherited)",
					"@executable_path/Frameworks",
				);
				MARKETING_VERSION = 1.0;
				PRODUCT_BUNDLE_IDENTIFIER = id.infiniteLearning.iMenu;
				PRODUCT_NAME = "$(TARGET_NAME)";
				SWIFT_EMIT_LOC_STRINGS = YES;
				SWIFT_VERSION = 5.0;
				TARGETED_DEVICE_FAMILY = "1,2";
			};
			name = Release;
		};
/* End XCBuildConfiguration section */

/* Begin XCConfigurationList section */
		F5FA025B2782D8010095AB19 /* Build configuration list for PBXProject "iMenu" */ = {
			isa = XCConfigurationList;
			buildConfigurations = (
				F5FA026C2782D8020095AB19 /* Debug */,
				F5FA026D2782D8020095AB19 /* Release */,
			);
			defaultConfigurationIsVisible = 0;
			defaultConfigurationName = Release;
		};
		F5FA026E2782D8020095AB19 /* Build configuration list for PBXNativeTarget "iMenu" */ = {
			isa = XCConfigurationList;
			buildConfigurations = (
				F5FA026F2782D8020095AB19 /* Debug */,
				F5FA02702782D8020095AB19 /* Release */,
			);
			defaultConfigurationIsVisible = 0;
			defaultConfigurationName = Release;
		};
/* End XCConfigurationList section */
	};
	rootObject = F5FA02582782D8010095AB19 /* Project object */;
}
